
Microsoft Visual Studio Solution File, Format Version 12.00
# Visual Studio Version 16
VisualStudioVersion = 16.0.29424.173
MinimumVisualStudioVersion = 10.0.40219.1
Project("{9A19103F-16F7-4668-BE54-9A1E7A4F7556}") = "SimpleWPF", "SimpleWPF.csproj", "{7CC7849D-852A-4617-B169-AA65D5DBA272}"
EndProject
Global
	GlobalSection(SolutionConfigurationPlatforms) = preSolution
		Debug|Any CPU = Debug|Any CPU
		Release|Any CPU = Release|Any CPU
	EndGlobalSection
	GlobalSection(ProjectConfigurationPlatforms) = postSolution
		{7CC7849D-852A-4617-B169-AA65D5DBA272}.Debug|Any CPU.ActiveCfg = Debug|Any CPU
		{7CC7849D-852A-4617-B169-AA65D5DBA272}.Debug|Any CPU.Build.0 = Debug|Any CPU
		{7CC7849D-852A-4617-B169-AA65D5DBA272}.Release|Any CPU.ActiveCfg = Release|Any CPU
		{7CC7849D-852A-4617-B169-AA65D5DBA272}.Release|Any CPU.Build.0 = Release|Any CPU
	EndGlobalSection
	GlobalSection(SolutionProperties) = preSolution
		HideSolutionNode = FALSE
	EndGlobalSection
	GlobalSection(ExtensibilityGlobals) = postSolution
		SolutionGuid = {DF795D51-D7F9-408C-9FFB-87F3B3B7B408}
	EndGlobalSection
EndGlobal
